// !$*UTF8*$!
{
	archiveVersion = 1;
	classes = {
	};
	objectVersion = 46;
	objects = {

/* Begin PBXBuildFile section */
		C316E6311A34CF7100446FD6 /* libCocoaYAML iOS Library.a in Frameworks */ = {isa = PBXBuildFile; fileRef = C316E6271A34CF5C00446FD6 /* libCocoaYAML iOS Library.a */; };
		C316E6351A34D2A100446FD6 /* CMPV1MapSerializer.m in Sources */ = {isa = PBXBuildFile; fileRef = C316E6341A34D2A100446FD6 /* CMPV1MapSerializer.m */; };
		C316E63A1A353EFF00446FD6 /* CMPV1MapSerializerTests.m in Sources */ = {isa = PBXBuildFile; fileRef = C316E6391A353EFF00446FD6 /* CMPV1MapSerializerTests.m */; };
		C32B141C1A2FDD0100B959C4 /* CMPProject.m in Sources */ = {isa = PBXBuildFile; fileRef = C32B141B1A2FDD0100B959C4 /* CMPProject.m */; };
		C32B141F1A2FE0CD00B959C4 /* CMPMap.m in Sources */ = {isa = PBXBuildFile; fileRef = C32B141E1A2FE0CD00B959C4 /* CMPMap.m */; };
		C35DB91C1A31EC3C0011FC1C /* CMPTilesheet.m in Sources */ = {isa = PBXBuildFile; fileRef = C35DB91B1A31EC3C0011FC1C /* CMPTilesheet.m */; };
		C35DB9201A31F20E0011FC1C /* CMPMapParser.m in Sources */ = {isa = PBXBuildFile; fileRef = C35DB91F1A31F20E0011FC1C /* CMPMapParser.m */; };
		C35DB9231A32704E0011FC1C /* CMPV1MapParser.m in Sources */ = {isa = PBXBuildFile; fileRef = C35DB9221A32704E0011FC1C /* CMPV1MapParser.m */; };
		C35DB9251A32727D0011FC1C /* CMPMapParserTests.m in Sources */ = {isa = PBXBuildFile; fileRef = C35DB9241A32727D0011FC1C /* CMPMapParserTests.m */; };
		C365E8621A2FCFD3000AA8F1 /* main.m in Sources */ = {isa = PBXBuildFile; fileRef = C365E8611A2FCFD3000AA8F1 /* main.m */; };
		C365E86B1A2FCFD3000AA8F1 /* Main.storyboard in Resources */ = {isa = PBXBuildFile; fileRef = C365E8691A2FCFD3000AA8F1 /* Main.storyboard */; };
		C365E86D1A2FCFD3000AA8F1 /* Images.xcassets in Resources */ = {isa = PBXBuildFile; fileRef = C365E86C1A2FCFD3000AA8F1 /* Images.xcassets */; };
		C365E8701A2FCFD3000AA8F1 /* LaunchScreen.xib in Resources */ = {isa = PBXBuildFile; fileRef = C365E86E1A2FCFD3000AA8F1 /* LaunchScreen.xib */; };
		C365E88D1A2FD145000AA8F1 /* CMPAppDelegate.m in Sources */ = {isa = PBXBuildFile; fileRef = C365E88A1A2FD145000AA8F1 /* CMPAppDelegate.m */; };
		C365E88E1A2FD145000AA8F1 /* CMPProjectsViewController.m in Sources */ = {isa = PBXBuildFile; fileRef = C365E88C1A2FD145000AA8F1 /* CMPProjectsViewController.m */; };
/* End PBXBuildFile section */

/* Begin PBXContainerItemProxy section */
		C316E6261A34CF5C00446FD6 /* PBXContainerItemProxy */ = {
			isa = PBXContainerItemProxy;
			containerPortal = C316E61E1A34CF5C00446FD6 /* CocoaYAML.xcodeproj */;
			proxyType = 2;
			remoteGlobalIDString = 450927F0183E888D00D2D858;
			remoteInfo = "CocoaYAML iOS Library";
		};
		C316E6281A34CF5C00446FD6 /* PBXContainerItemProxy */ = {
			isa = PBXContainerItemProxy;
			containerPortal = C316E61E1A34CF5C00446FD6 /* CocoaYAML.xcodeproj */;
			proxyType = 2;
			remoteGlobalIDString = 4500CED9168532AB00E7B6A5;
			remoteInfo = "CocoaYAML OSX Framework";
		};
		C316E62A1A34CF5C00446FD6 /* PBXContainerItemProxy */ = {
			isa = PBXContainerItemProxy;
			containerPortal = C316E61E1A34CF5C00446FD6 /* CocoaYAML.xcodeproj */;
			proxyType = 2;
			remoteGlobalIDString = 4584636A16765E8A00B0C5AC;
			remoteInfo = CommandLineTest;
		};
		C316E62C1A34CF5C00446FD6 /* PBXContainerItemProxy */ = {
			isa = PBXContainerItemProxy;
			containerPortal = C316E61E1A34CF5C00446FD6 /* CocoaYAML.xcodeproj */;
			proxyType = 2;
			remoteGlobalIDString = 45C2ED4616770248005808D3;
			remoteInfo = "Unit Tests";
		};
		C316E62F1A34CF6C00446FD6 /* PBXContainerItemProxy */ = {
			isa = PBXContainerItemProxy;
			containerPortal = C316E61E1A34CF5C00446FD6 /* CocoaYAML.xcodeproj */;
			proxyType = 1;
			remoteGlobalIDString = 450927EF183E888D00D2D858;
			remoteInfo = "CocoaYAML iOS Library";
		};
		C365E8761A2FCFD3000AA8F1 /* PBXContainerItemProxy */ = {
			isa = PBXContainerItemProxy;
			containerPortal = C365E8541A2FCFD3000AA8F1 /* Project object */;
			proxyType = 1;
			remoteGlobalIDString = C365E85B1A2FCFD3000AA8F1;
			remoteInfo = Compass;
		};
/* End PBXContainerItemProxy section */

/* Begin PBXFileReference section */
		C316E61E1A34CF5C00446FD6 /* CocoaYAML.xcodeproj */ = {isa = PBXFileReference; lastKnownFileType = "wrapper.pb-project"; name = CocoaYAML.xcodeproj; path = Vendor/CocoaYAML/CocoaYAML.xcodeproj; sourceTree = "<group>"; };
		C316E6331A34D2A100446FD6 /* CMPV1MapSerializer.h */ = {isa = PBXFileReference; fileEncoding = 4; lastKnownFileType = sourcecode.c.h; path = CMPV1MapSerializer.h; sourceTree = "<group>"; };
		C316E6341A34D2A100446FD6 /* CMPV1MapSerializer.m */ = {isa = PBXFileReference; fileEncoding = 4; lastKnownFileType = sourcecode.c.objc; path = CMPV1MapSerializer.m; sourceTree = "<group>"; };
		C316E6391A353EFF00446FD6 /* CMPV1MapSerializerTests.m */ = {isa = PBXFileReference; fileEncoding = 4; lastKnownFileType = sourcecode.c.objc; path = CMPV1MapSerializerTests.m; sourceTree = "<group>"; };
		C32B141A1A2FDD0100B959C4 /* CMPProject.h */ = {isa = PBXFileReference; fileEncoding = 4; lastKnownFileType = sourcecode.c.h; path = CMPProject.h; sourceTree = "<group>"; };
		C32B141B1A2FDD0100B959C4 /* CMPProject.m */ = {isa = PBXFileReference; fileEncoding = 4; lastKnownFileType = sourcecode.c.objc; path = CMPProject.m; sourceTree = "<group>"; };
		C32B141D1A2FE0CD00B959C4 /* CMPMap.h */ = {isa = PBXFileReference; fileEncoding = 4; lastKnownFileType = sourcecode.c.h; path = CMPMap.h; sourceTree = "<group>"; };
		C32B141E1A2FE0CD00B959C4 /* CMPMap.m */ = {isa = PBXFileReference; fileEncoding = 4; lastKnownFileType = sourcecode.c.objc; path = CMPMap.m; sourceTree = "<group>"; };
		C35DB91A1A31EC3C0011FC1C /* CMPTilesheet.h */ = {isa = PBXFileReference; fileEncoding = 4; lastKnownFileType = sourcecode.c.h; path = CMPTilesheet.h; sourceTree = "<group>"; };
		C35DB91B1A31EC3C0011FC1C /* CMPTilesheet.m */ = {isa = PBXFileReference; fileEncoding = 4; lastKnownFileType = sourcecode.c.objc; path = CMPTilesheet.m; sourceTree = "<group>"; };
		C35DB91E1A31F20E0011FC1C /* CMPMapParser.h */ = {isa = PBXFileReference; fileEncoding = 4; lastKnownFileType = sourcecode.c.h; path = CMPMapParser.h; sourceTree = "<group>"; };
		C35DB91F1A31F20E0011FC1C /* CMPMapParser.m */ = {isa = PBXFileReference; fileEncoding = 4; lastKnownFileType = sourcecode.c.objc; path = CMPMapParser.m; sourceTree = "<group>"; };
		C35DB9211A32704E0011FC1C /* CMPV1MapParser.h */ = {isa = PBXFileReference; fileEncoding = 4; lastKnownFileType = sourcecode.c.h; path = CMPV1MapParser.h; sourceTree = "<group>"; };
		C35DB9221A32704E0011FC1C /* CMPV1MapParser.m */ = {isa = PBXFileReference; fileEncoding = 4; lastKnownFileType = sourcecode.c.objc; path = CMPV1MapParser.m; sourceTree = "<group>"; };
		C35DB9241A32727D0011FC1C /* CMPMapParserTests.m */ = {isa = PBXFileReference; fileEncoding = 4; lastKnownFileType = sourcecode.c.objc; path = CMPMapParserTests.m; sourceTree = "<group>"; };
		C365E85C1A2FCFD3000AA8F1 /* Compass.app */ = {isa = PBXFileReference; explicitFileType = wrapper.application; includeInIndex = 0; path = Compass.app; sourceTree = BUILT_PRODUCTS_DIR; };
		C365E8601A2FCFD3000AA8F1 /* Info.plist */ = {isa = PBXFileReference; lastKnownFileType = text.plist.xml; path = Info.plist; sourceTree = "<group>"; };
		C365E8611A2FCFD3000AA8F1 /* main.m */ = {isa = PBXFileReference; lastKnownFileType = sourcecode.c.objc; path = main.m; sourceTree = "<group>"; };
		C365E86A1A2FCFD3000AA8F1 /* Base */ = {isa = PBXFileReference; lastKnownFileType = file.storyboard; name = Base; path = Base.lproj/Main.storyboard; sourceTree = "<group>"; };
		C365E86C1A2FCFD3000AA8F1 /* Images.xcassets */ = {isa = PBXFileReference; lastKnownFileType = folder.assetcatalog; path = Images.xcassets; sourceTree = "<group>"; };
		C365E86F1A2FCFD3000AA8F1 /* Base */ = {isa = PBXFileReference; lastKnownFileType = file.xib; name = Base; path = Base.lproj/LaunchScreen.xib; sourceTree = "<group>"; };
		C365E8751A2FCFD3000AA8F1 /* CompassTests.xctest */ = {isa = PBXFileReference; explicitFileType = wrapper.cfbundle; includeInIndex = 0; path = CompassTests.xctest; sourceTree = BUILT_PRODUCTS_DIR; };
		C365E87A1A2FCFD3000AA8F1 /* Info.plist */ = {isa = PBXFileReference; lastKnownFileType = text.plist.xml; path = Info.plist; sourceTree = "<group>"; };
		C365E8891A2FD145000AA8F1 /* CMPAppDelegate.h */ = {isa = PBXFileReference; fileEncoding = 4; lastKnownFileType = sourcecode.c.h; path = CMPAppDelegate.h; sourceTree = "<group>"; };
		C365E88A1A2FD145000AA8F1 /* CMPAppDelegate.m */ = {isa = PBXFileReference; fileEncoding = 4; lastKnownFileType = sourcecode.c.objc; path = CMPAppDelegate.m; sourceTree = "<group>"; };
		C365E88B1A2FD145000AA8F1 /* CMPProjectsViewController.h */ = {isa = PBXFileReference; fileEncoding = 4; lastKnownFileType = sourcecode.c.h; path = CMPProjectsViewController.h; sourceTree = "<group>"; };
		C365E88C1A2FD145000AA8F1 /* CMPProjectsViewController.m */ = {isa = PBXFileReference; fileEncoding = 4; lastKnownFileType = sourcecode.c.objc; path = CMPProjectsViewController.m; sourceTree = "<group>"; };
/* End PBXFileReference section */

/* Begin PBXFrameworksBuildPhase section */
		C365E8591A2FCFD3000AA8F1 /* Frameworks */ = {
			isa = PBXFrameworksBuildPhase;
			buildActionMask = 2147483647;
			files = (
				C316E6311A34CF7100446FD6 /* libCocoaYAML iOS Library.a in Frameworks */,
			);
			runOnlyForDeploymentPostprocessing = 0;
		};
		C365E8721A2FCFD3000AA8F1 /* Frameworks */ = {
			isa = PBXFrameworksBuildPhase;
			buildActionMask = 2147483647;
			files = (
			);
			runOnlyForDeploymentPostprocessing = 0;
		};
/* End PBXFrameworksBuildPhase section */

/* Begin PBXGroup section */
		C316E61F1A34CF5C00446FD6 /* Products */ = {
			isa = PBXGroup;
			children = (
				C316E6271A34CF5C00446FD6 /* libCocoaYAML iOS Library.a */,
				C316E6291A34CF5C00446FD6 /* CocoaYAML OSX Framework.framework */,
				C316E62B1A34CF5C00446FD6 /* CommandLineTest */,
				C316E62D1A34CF5C00446FD6 /* Unit Tests.xctest */,
			);
			name = Products;
			sourceTree = "<group>";
		};
		C316E62E1A34CF5F00446FD6 /* Vendor */ = {
			isa = PBXGroup;
			children = (
				C316E61E1A34CF5C00446FD6 /* CocoaYAML.xcodeproj */,
			);
			name = Vendor;
			sourceTree = "<group>";
		};
		C316E6321A34D28B00446FD6 /* Serializing */ = {
			isa = PBXGroup;
			children = (
				C316E6331A34D2A100446FD6 /* CMPV1MapSerializer.h */,
				C316E6341A34D2A100446FD6 /* CMPV1MapSerializer.m */,
			);
			name = Serializing;
			sourceTree = "<group>";
		};
		C35DB91D1A31F1F20011FC1C /* Parsing */ = {
			isa = PBXGroup;
			children = (
				C35DB91E1A31F20E0011FC1C /* CMPMapParser.h */,
				C35DB91F1A31F20E0011FC1C /* CMPMapParser.m */,
				C35DB9211A32704E0011FC1C /* CMPV1MapParser.h */,
				C35DB9221A32704E0011FC1C /* CMPV1MapParser.m */,
			);
			path = Parsing;
			sourceTree = "<group>";
		};
		C365E8531A2FCFD3000AA8F1 = {
			isa = PBXGroup;
			children = (
				C365E85E1A2FCFD3000AA8F1 /* Compass */,
				C365E8781A2FCFD3000AA8F1 /* CompassTests */,
				C316E62E1A34CF5F00446FD6 /* Vendor */,
				C365E85D1A2FCFD3000AA8F1 /* Products */,
			);
			sourceTree = "<group>";
		};
		C365E85D1A2FCFD3000AA8F1 /* Products */ = {
			isa = PBXGroup;
			children = (
				C365E85C1A2FCFD3000AA8F1 /* Compass.app */,
				C365E8751A2FCFD3000AA8F1 /* CompassTests.xctest */,
			);
			name = Products;
			sourceTree = "<group>";
		};
		C365E85E1A2FCFD3000AA8F1 /* Compass */ = {
			isa = PBXGroup;
			children = (
				C365E8851A2FD0EE000AA8F1 /* Classes */,
				C365E88F1A2FD14F000AA8F1 /* Resources */,
				C365E85F1A2FCFD3000AA8F1 /* Supporting Files */,
			);
			path = Compass;
			sourceTree = "<group>";
		};
		C365E85F1A2FCFD3000AA8F1 /* Supporting Files */ = {
			isa = PBXGroup;
			children = (
				C365E8601A2FCFD3000AA8F1 /* Info.plist */,
				C365E8611A2FCFD3000AA8F1 /* main.m */,
			);
			name = "Supporting Files";
			sourceTree = "<group>";
		};
		C365E8781A2FCFD3000AA8F1 /* CompassTests */ = {
			isa = PBXGroup;
			children = (
				C35DB9241A32727D0011FC1C /* CMPMapParserTests.m */,
				C316E6391A353EFF00446FD6 /* CMPV1MapSerializerTests.m */,
				C365E8791A2FCFD3000AA8F1 /* Supporting Files */,
			);
			path = CompassTests;
			sourceTree = "<group>";
		};
		C365E8791A2FCFD3000AA8F1 /* Supporting Files */ = {
			isa = PBXGroup;
			children = (
				C365E87A1A2FCFD3000AA8F1 /* Info.plist */,
			);
			name = "Supporting Files";
			sourceTree = "<group>";
		};
		C365E8851A2FD0EE000AA8F1 /* Classes */ = {
			isa = PBXGroup;
			children = (
				C365E8881A2FD0FB000AA8F1 /* Model */,
				C365E8871A2FD0F8000AA8F1 /* View */,
				C365E8861A2FD0F3000AA8F1 /* Controller */,
			);
			path = Classes;
			sourceTree = "<group>";
		};
		C365E8861A2FD0F3000AA8F1 /* Controller */ = {
			isa = PBXGroup;
			children = (
				C316E6321A34D28B00446FD6 /* Serializing */,
				C35DB91D1A31F1F20011FC1C /* Parsing */,
				C365E8891A2FD145000AA8F1 /* CMPAppDelegate.h */,
				C365E88A1A2FD145000AA8F1 /* CMPAppDelegate.m */,
				C365E88B1A2FD145000AA8F1 /* CMPProjectsViewController.h */,
				C365E88C1A2FD145000AA8F1 /* CMPProjectsViewController.m */,
			);
			path = Controller;
			sourceTree = "<group>";
		};
		C365E8871A2FD0F8000AA8F1 /* View */ = {
			isa = PBXGroup;
			children = (
			);
			path = View;
			sourceTree = "<group>";
		};
		C365E8881A2FD0FB000AA8F1 /* Model */ = {
			isa = PBXGroup;
			children = (
				C32B141A1A2FDD0100B959C4 /* CMPProject.h */,
				C32B141B1A2FDD0100B959C4 /* CMPProject.m */,
				C32B141D1A2FE0CD00B959C4 /* CMPMap.h */,
				C32B141E1A2FE0CD00B959C4 /* CMPMap.m */,
				C35DB91A1A31EC3C0011FC1C /* CMPTilesheet.h */,
				C35DB91B1A31EC3C0011FC1C /* CMPTilesheet.m */,
			);
			path = Model;
			sourceTree = "<group>";
		};
		C365E88F1A2FD14F000AA8F1 /* Resources */ = {
			isa = PBXGroup;
			children = (
				C365E8691A2FCFD3000AA8F1 /* Main.storyboard */,
				C365E86C1A2FCFD3000AA8F1 /* Images.xcassets */,
				C365E86E1A2FCFD3000AA8F1 /* LaunchScreen.xib */,
			);
			path = Resources;
			sourceTree = "<group>";
		};
/* End PBXGroup section */

/* Begin PBXNativeTarget section */
		C365E85B1A2FCFD3000AA8F1 /* Compass */ = {
			isa = PBXNativeTarget;
			buildConfigurationList = C365E87F1A2FCFD3000AA8F1 /* Build configuration list for PBXNativeTarget "Compass" */;
			buildPhases = (
				C365E8581A2FCFD3000AA8F1 /* Sources */,
				C365E8591A2FCFD3000AA8F1 /* Frameworks */,
				C365E85A1A2FCFD3000AA8F1 /* Resources */,
			);
			buildRules = (
			);
			dependencies = (
				C316E6301A34CF6C00446FD6 /* PBXTargetDependency */,
			);
			name = Compass;
			productName = Compass;
			productReference = C365E85C1A2FCFD3000AA8F1 /* Compass.app */;
			productType = "com.apple.product-type.application";
		};
		C365E8741A2FCFD3000AA8F1 /* CompassTests */ = {
			isa = PBXNativeTarget;
			buildConfigurationList = C365E8821A2FCFD3000AA8F1 /* Build configuration list for PBXNativeTarget "CompassTests" */;
			buildPhases = (
				C365E8711A2FCFD3000AA8F1 /* Sources */,
				C365E8721A2FCFD3000AA8F1 /* Frameworks */,
				C365E8731A2FCFD3000AA8F1 /* Resources */,
			);
			buildRules = (
			);
			dependencies = (
				C365E8771A2FCFD3000AA8F1 /* PBXTargetDependency */,
			);
			name = CompassTests;
			productName = CompassTests;
			productReference = C365E8751A2FCFD3000AA8F1 /* CompassTests.xctest */;
			productType = "com.apple.product-type.bundle.unit-test";
		};
/* End PBXNativeTarget section */

/* Begin PBXProject section */
		C365E8541A2FCFD3000AA8F1 /* Project object */ = {
			isa = PBXProject;
			attributes = {
				CLASSPREFIX = CMP;
				LastUpgradeCheck = 0610;
				ORGANIZATIONNAME = "Grant Butler";
				TargetAttributes = {
					C365E85B1A2FCFD3000AA8F1 = {
						CreatedOnToolsVersion = 6.1;
					};
					C365E8741A2FCFD3000AA8F1 = {
						CreatedOnToolsVersion = 6.1;
						TestTargetID = C365E85B1A2FCFD3000AA8F1;
					};
				};
			};
			buildConfigurationList = C365E8571A2FCFD3000AA8F1 /* Build configuration list for PBXProject "Compass" */;
			compatibilityVersion = "Xcode 3.2";
			developmentRegion = English;
			hasScannedForEncodings = 0;
			knownRegions = (
				en,
				Base,
			);
			mainGroup = C365E8531A2FCFD3000AA8F1;
			productRefGroup = C365E85D1A2FCFD3000AA8F1 /* Products */;
			projectDirPath = "";
			projectReferences = (
				{
					ProductGroup = C316E61F1A34CF5C00446FD6 /* Products */;
					ProjectRef = C316E61E1A34CF5C00446FD6 /* CocoaYAML.xcodeproj */;
				},
			);
			projectRoot = "";
			targets = (
				C365E85B1A2FCFD3000AA8F1 /* Compass */,
				C365E8741A2FCFD3000AA8F1 /* CompassTests */,
			);
		};
/* End PBXProject section */

/* Begin PBXReferenceProxy section */
		C316E6271A34CF5C00446FD6 /* libCocoaYAML iOS Library.a */ = {
			isa = PBXReferenceProxy;
			fileType = archive.ar;
			path = "libCocoaYAML iOS Library.a";
			remoteRef = C316E6261A34CF5C00446FD6 /* PBXContainerItemProxy */;
			sourceTree = BUILT_PRODUCTS_DIR;
		};
		C316E6291A34CF5C00446FD6 /* CocoaYAML OSX Framework.framework */ = {
			isa = PBXReferenceProxy;
			fileType = wrapper.framework;
			path = "CocoaYAML OSX Framework.framework";
			remoteRef = C316E6281A34CF5C00446FD6 /* PBXContainerItemProxy */;
			sourceTree = BUILT_PRODUCTS_DIR;
		};
		C316E62B1A34CF5C00446FD6 /* CommandLineTest */ = {
			isa = PBXReferenceProxy;
			fileType = "compiled.mach-o.executable";
			path = CommandLineTest;
			remoteRef = C316E62A1A34CF5C00446FD6 /* PBXContainerItemProxy */;
			sourceTree = BUILT_PRODUCTS_DIR;
		};
		C316E62D1A34CF5C00446FD6 /* Unit Tests.xctest */ = {
			isa = PBXReferenceProxy;
			fileType = wrapper.cfbundle;
			path = "Unit Tests.xctest";
			remoteRef = C316E62C1A34CF5C00446FD6 /* PBXContainerItemProxy */;
			sourceTree = BUILT_PRODUCTS_DIR;
		};
/* End PBXReferenceProxy section */

/* Begin PBXResourcesBuildPhase section */
		C365E85A1A2FCFD3000AA8F1 /* Resources */ = {
			isa = PBXResourcesBuildPhase;
			buildActionMask = 2147483647;
			files = (
				C365E86B1A2FCFD3000AA8F1 /* Main.storyboard in Resources */,
				C365E8701A2FCFD3000AA8F1 /* LaunchScreen.xib in Resources */,
				C365E86D1A2FCFD3000AA8F1 /* Images.xcassets in Resources */,
			);
			runOnlyForDeploymentPostprocessing = 0;
		};
		C365E8731A2FCFD3000AA8F1 /* Resources */ = {
			isa = PBXResourcesBuildPhase;
			buildActionMask = 2147483647;
			files = (
			);
			runOnlyForDeploymentPostprocessing = 0;
		};
/* End PBXResourcesBuildPhase section */

/* Begin PBXSourcesBuildPhase section */
		C365E8581A2FCFD3000AA8F1 /* Sources */ = {
			isa = PBXSourcesBuildPhase;
			buildActionMask = 2147483647;
			files = (
				C365E88E1A2FD145000AA8F1 /* CMPProjectsViewController.m in Sources */,
				C35DB9231A32704E0011FC1C /* CMPV1MapParser.m in Sources */,
				C365E88D1A2FD145000AA8F1 /* CMPAppDelegate.m in Sources */,
				C316E6351A34D2A100446FD6 /* CMPV1MapSerializer.m in Sources */,
				C32B141C1A2FDD0100B959C4 /* CMPProject.m in Sources */,
				C35DB9201A31F20E0011FC1C /* CMPMapParser.m in Sources */,
				C365E8621A2FCFD3000AA8F1 /* main.m in Sources */,
				C35DB91C1A31EC3C0011FC1C /* CMPTilesheet.m in Sources */,
				C32B141F1A2FE0CD00B959C4 /* CMPMap.m in Sources */,
			);
			runOnlyForDeploymentPostprocessing = 0;
		};
		C365E8711A2FCFD3000AA8F1 /* Sources */ = {
			isa = PBXSourcesBuildPhase;
			buildActionMask = 2147483647;
			files = (
				C316E63A1A353EFF00446FD6 /* CMPV1MapSerializerTests.m in Sources */,
				C35DB9251A32727D0011FC1C /* CMPMapParserTests.m in Sources */,
			);
			runOnlyForDeploymentPostprocessing = 0;
		};
/* End PBXSourcesBuildPhase section */

/* Begin PBXTargetDependency section */
		C316E6301A34CF6C00446FD6 /* PBXTargetDependency */ = {
			isa = PBXTargetDependency;
			name = "CocoaYAML iOS Library";
			targetProxy = C316E62F1A34CF6C00446FD6 /* PBXContainerItemProxy */;
		};
		C365E8771A2FCFD3000AA8F1 /* PBXTargetDependency */ = {
			isa = PBXTargetDependency;
			target = C365E85B1A2FCFD3000AA8F1 /* Compass */;
			targetProxy = C365E8761A2FCFD3000AA8F1 /* PBXContainerItemProxy */;
		};
/* End PBXTargetDependency section */

/* Begin PBXVariantGroup section */
		C365E8691A2FCFD3000AA8F1 /* Main.storyboard */ = {
			isa = PBXVariantGroup;
			children = (
				C365E86A1A2FCFD3000AA8F1 /* Base */,
			);
			name = Main.storyboard;
			sourceTree = "<group>";
		};
		C365E86E1A2FCFD3000AA8F1 /* LaunchScreen.xib */ = {
			isa = PBXVariantGroup;
			children = (
				C365E86F1A2FCFD3000AA8F1 /* Base */,
			);
			name = LaunchScreen.xib;
			sourceTree = "<group>";
		};
/* End PBXVariantGroup section */

/* Begin XCBuildConfiguration section */
		C365E87D1A2FCFD3000AA8F1 /* Debug */ = {
			isa = XCBuildConfiguration;
			buildSettings = {
				ALWAYS_SEARCH_USER_PATHS = NO;
				CLANG_CXX_LANGUAGE_STANDARD = "gnu++0x";
				CLANG_CXX_LIBRARY = "libc++";
				CLANG_ENABLE_MODULES = YES;
				CLANG_ENABLE_OBJC_ARC = YES;
				CLANG_WARN_BOOL_CONVERSION = YES;
				CLANG_WARN_CONSTANT_CONVERSION = YES;
				CLANG_WARN_DIRECT_OBJC_ISA_USAGE = YES_ERROR;
				CLANG_WARN_EMPTY_BODY = YES;
				CLANG_WARN_ENUM_CONVERSION = YES;
				CLANG_WARN_INT_CONVERSION = YES;
				CLANG_WARN_OBJC_ROOT_CLASS = YES_ERROR;
				CLANG_WARN_UNREACHABLE_CODE = YES;
				CLANG_WARN__DUPLICATE_METHOD_MATCH = YES;
				"CODE_SIGN_IDENTITY[sdk=iphoneos*]" = "iPhone Developer";
				COPY_PHASE_STRIP = NO;
				ENABLE_STRICT_OBJC_MSGSEND = YES;
				GCC_C_LANGUAGE_STANDARD = gnu99;
				GCC_DYNAMIC_NO_PIC = NO;
				GCC_OPTIMIZATION_LEVEL = 0;
				GCC_PREPROCESSOR_DEFINITIONS = (
					"DEBUG=1",
					"$(inherited)",
				);
				GCC_SYMBOLS_PRIVATE_EXTERN = NO;
				GCC_WARN_64_TO_32_BIT_CONVERSION = YES;
				GCC_WARN_ABOUT_RETURN_TYPE = YES_ERROR;
				GCC_WARN_UNDECLARED_SELECTOR = YES;
				GCC_WARN_UNINITIALIZED_AUTOS = YES_AGGRESSIVE;
				GCC_WARN_UNUSED_FUNCTION = YES;
				GCC_WARN_UNUSED_VARIABLE = YES;
				IPHONEOS_DEPLOYMENT_TARGET = 8.1;
				MTL_ENABLE_DEBUG_INFO = YES;
				ONLY_ACTIVE_ARCH = YES;
				SDKROOT = iphoneos;
				TARGETED_DEVICE_FAMILY = 2;
			};
			name = Debug;
		};
		C365E87E1A2FCFD3000AA8F1 /* Release */ = {
			isa = XCBuildConfiguration;
			buildSettings = {
				ALWAYS_SEARCH_USER_PATHS = NO;
				CLANG_CXX_LANGUAGE_STANDARD = "gnu++0x";
				CLANG_CXX_LIBRARY = "libc++";
				CLANG_ENABLE_MODULES = YES;
				CLANG_ENABLE_OBJC_ARC = YES;
				CLANG_WARN_BOOL_CONVERSION = YES;
				CLANG_WARN_CONSTANT_CONVERSION = YES;
				CLANG_WARN_DIRECT_OBJC_ISA_USAGE = YES_ERROR;
				CLANG_WARN_EMPTY_BODY = YES;
				CLANG_WARN_ENUM_CONVERSION = YES;
				CLANG_WARN_INT_CONVERSION = YES;
				CLANG_WARN_OBJC_ROOT_CLASS = YES_ERROR;
				CLANG_WARN_UNREACHABLE_CODE = YES;
				CLANG_WARN__DUPLICATE_METHOD_MATCH = YES;
				"CODE_SIGN_IDENTITY[sdk=iphoneos*]" = "iPhone Developer";
				COPY_PHASE_STRIP = YES;
				ENABLE_NS_ASSERTIONS = NO;
				ENABLE_STRICT_OBJC_MSGSEND = YES;
				GCC_C_LANGUAGE_STANDARD = gnu99;
				GCC_WARN_64_TO_32_BIT_CONVERSION = YES;
				GCC_WARN_ABOUT_RETURN_TYPE = YES_ERROR;
				GCC_WARN_UNDECLARED_SELECTOR = YES;
				GCC_WARN_UNINITIALIZED_AUTOS = YES_AGGRESSIVE;
				GCC_WARN_UNUSED_FUNCTION = YES;
				GCC_WARN_UNUSED_VARIABLE = YES;
				IPHONEOS_DEPLOYMENT_TARGET = 8.1;
				MTL_ENABLE_DEBUG_INFO = NO;
				SDKROOT = iphoneos;
				TARGETED_DEVICE_FAMILY = 2;
				VALIDATE_PRODUCT = YES;
			};
			name = Release;
		};
		C365E8801A2FCFD3000AA8F1 /* Debug */ = {
			isa = XCBuildConfiguration;
			buildSettings = {
				ASSETCATALOG_COMPILER_APPICON_NAME = AppIcon;
				HEADER_SEARCH_PATHS = (
					"$(inherited)",
					/Applications/Xcode.app/Contents/Developer/Toolchains/XcodeDefault.xctoolchain/usr/include,
					"$(SRCROOT)/Vendor/CocoaYAML/Source/",
				);
				INFOPLIST_FILE = Compass/Info.plist;
				LD_RUNPATH_SEARCH_PATHS = "$(inherited) @executable_path/Frameworks";
				PRODUCT_NAME = "$(TARGET_NAME)";
			};
			name = Debug;
		};
		C365E8811A2FCFD3000AA8F1 /* Release */ = {
			isa = XCBuildConfiguration;
			buildSettings = {
				ASSETCATALOG_COMPILER_APPICON_NAME = AppIcon;
				HEADER_SEARCH_PATHS = (
					"$(inherited)",
					/Applications/Xcode.app/Contents/Developer/Toolchains/XcodeDefault.xctoolchain/usr/include,
					"$(SRCROOT)/Vendor/CocoaYAML/Source/",
				);
				INFOPLIST_FILE = Compass/Info.plist;
				LD_RUNPATH_SEARCH_PATHS = "$(inherited) @executable_path/Frameworks";
				PRODUCT_NAME = "$(TARGET_NAME)";
			};
			name = Release;
		};
		C365E8831A2FCFD3000AA8F1 /* Debug */ = {
			isa = XCBuildConfiguration;
			buildSettings = {
				BUNDLE_LOADER = "$(TEST_HOST)";
				FRAMEWORK_SEARCH_PATHS = (
					"$(SDKROOT)/Developer/Library/Frameworks",
					"$(inherited)",
				);
				GCC_PREPROCESSOR_DEFINITIONS = (
					"DEBUG=1",
					"$(inherited)",
				);
				INFOPLIST_FILE = CompassTests/Info.plist;
				LD_RUNPATH_SEARCH_PATHS = "$(inherited) @executable_path/Frameworks @loader_path/Frameworks";
				PRODUCT_NAME = "$(TARGET_NAME)";
				TEST_HOST = "$(BUILT_PRODUCTS_DIR)/Compass.app/Compass";
			};
			name = Debug;
		};
		C365E8841A2FCFD3000AA8F1 /* Release */ = {
			isa = XCBuildConfiguration;
			buildSettings = {
				BUNDLE_LOADER = "$(TEST_HOST)";
				FRAMEWORK_SEARCH_PATHS = (
					"$(SDKROOT)/Developer/Library/Frameworks",
					"$(inherited)",
				);
				INFOPLIST_FILE = CompassTests/Info.plist;
				LD_RUNPATH_SEARCH_PATHS = "$(inherited) @executable_path/Frameworks @loader_path/Frameworks";
				PRODUCT_NAME = "$(TARGET_NAME)";
				TEST_HOST = "$(BUILT_PRODUCTS_DIR)/Compass.app/Compass";
			};
			name = Release;
		};
/* End XCBuildConfiguration section */

/* Begin XCConfigurationList section */
		C365E8571A2FCFD3000AA8F1 /* Build configuration list for PBXProject "Compass" */ = {
			isa = XCConfigurationList;
			buildConfigurations = (
				C365E87D1A2FCFD3000AA8F1 /* Debug */,
				C365E87E1A2FCFD3000AA8F1 /* Release */,
			);
			defaultConfigurationIsVisible = 0;
			defaultConfigurationName = Release;
		};
		C365E87F1A2FCFD3000AA8F1 /* Build configuration list for PBXNativeTarget "Compass" */ = {
			isa = XCConfigurationList;
			buildConfigurations = (
				C365E8801A2FCFD3000AA8F1 /* Debug */,
				C365E8811A2FCFD3000AA8F1 /* Release */,
			);
			defaultConfigurationIsVisible = 0;
			defaultConfigurationName = Release;
		};
		C365E8821A2FCFD3000AA8F1 /* Build configuration list for PBXNativeTarget "CompassTests" */ = {
			isa = XCConfigurationList;
			buildConfigurations = (
				C365E8831A2FCFD3000AA8F1 /* Debug */,
				C365E8841A2FCFD3000AA8F1 /* Release */,
			);
			defaultConfigurationIsVisible = 0;
			defaultConfigurationName = Release;
		};
/* End XCConfigurationList section */
	};
	rootObject = C365E8541A2FCFD3000AA8F1 /* Project object */;
}
